PODS:
  - MBProgressHUD (1.0.0)
  - WechatOpenSDK (1.7.8)

DEPENDENCIES:
  - MBProgressHUD
  - WechatOpenSDK

SPEC CHECKSUMS:
  MBProgressHUD: 4890f671c94e8a0f3cf959aa731e9de2f036d71a
  WechatOpenSDK: ad1e7be1b66416df847ac50830c798b70c9e365e

PODFILE CHECKSUM: 46790f8b9d5818de2595bc8136882aab0a36ab21

COCOAPODS: 1.2.0
